
Microsoft Visual Studio Solution File, Format Version 11.00
# Visual Studio 2010
Project("{8BC9CEB8-8B4A-11D0-8D11-00A0C91BC942}") = "JCThreadManager", "JCThreadManager\JCThreadManager.vcxproj", "{41410E08-8C8E-4AB8-8A05-19D0CE1784A0}"
EndProject
Project("{8BC9CEB8-8B4A-11D0-8D11-00A0C91BC942}") = "TestThreadManager", "TestThreadManager\TestThreadManager.vcxproj", "{BA37DD0A-4F73-4199-9FAF-219403FCD8CB}"
	ProjectSection(ProjectDependencies) = postProject
		{41410E08-8C8E-4AB8-8A05-19D0CE1784A0} = {41410E08-8C8E-4AB8-8A05-19D0CE1784A0}
	EndProjectSection
EndProject
Global
	GlobalSection(SolutionConfigurationPlatforms) = preSolution
		Debug|Win32 = Debug|Win32
		Release|Win32 = Release|Win32
	EndGlobalSection
	GlobalSection(ProjectConfigurationPlatforms) = postSolution
		{41410E08-8C8E-4AB8-8A05-19D0CE1784A0}.Debug|Win32.ActiveCfg = Debug|Win32
		{41410E08-8C8E-4AB8-8A05-19D0CE1784A0}.Debug|Win32.Build.0 = Debug|Win32
		{41410E08-8C8E-4AB8-8A05-19D0CE1784A0}.Release|Win32.ActiveCfg = Release|Win32
		{41410E08-8C8E-4AB8-8A05-19D0CE1784A0}.Release|Win32.Build.0 = Release|Win32
		{BA37DD0A-4F73-4199-9FAF-219403FCD8CB}.Debug|Win32.ActiveCfg = Debug|Win32
		{BA37DD0A-4F73-4199-9FAF-219403FCD8CB}.Debug|Win32.Build.0 = Debug|Win32
		{BA37DD0A-4F73-4199-9FAF-219403FCD8CB}.Release|Win32.ActiveCfg = Release|Win32
		{BA37DD0A-4F73-4199-9FAF-219403FCD8CB}.Release|Win32.Build.0 = Release|Win32
	EndGlobalSection
	GlobalSection(SolutionProperties) = preSolution
		HideSolutionNode = FALSE
	EndGlobalSection
EndGlobal
